
Microsoft Visual Studio Solution File, Format Version 12.00
# Visual Studio 14
VisualStudioVersion = 14.0.23107.0
MinimumVisualStudioVersion = 10.0.40219.1
Project("{FAE04EC0-301F-11D3-BF4B-00C04F79EFBC}") = "P96_SuDoku", "P96_SuDoku\P96_SuDoku.csproj", "{191A0A7E-E361-473A-A438-195F0002B4D2}"
EndProject
Project("{FAE04EC0-301F-11D3-BF4B-00C04F79EFBC}") = "P15_LatticePaths", "P15_LatticePaths\P15_LatticePaths.csproj", "{1E94B7A8-5C8E-44A7-9B27-5FF0857552D2}"
EndProject
Project("{FAE04EC0-301F-11D3-BF4B-00C04F79EFBC}") = "P16_PowerDigitSum", "P16_PowerDigitSum\P16_PowerDigitSum.csproj", "{DB9ECB9E-3883-4BF6-8E67-BFD0561B4D99}"
EndProject
Project("{FAE04EC0-301F-11D3-BF4B-00C04F79EFBC}") = "P18_MaximumPathSumI", "P18_MaximumPathSumI\P18_MaximumPathSumI.csproj", "{27F40A97-143A-474A-8E4B-3D8378678F01}"
EndProject
Global
	GlobalSection(SolutionConfigurationPlatforms) = preSolution
		Debug|Any CPU = Debug|Any CPU
		Release|Any CPU = Release|Any CPU
	EndGlobalSection
	GlobalSection(ProjectConfigurationPlatforms) = postSolution
		{191A0A7E-E361-473A-A438-195F0002B4D2}.Debug|Any CPU.ActiveCfg = Debug|Any CPU
		{191A0A7E-E361-473A-A438-195F0002B4D2}.Debug|Any CPU.Build.0 = Debug|Any CPU
		{191A0A7E-E361-473A-A438-195F0002B4D2}.Release|Any CPU.ActiveCfg = Release|Any CPU
		{191A0A7E-E361-473A-A438-195F0002B4D2}.Release|Any CPU.Build.0 = Release|Any CPU
		{1E94B7A8-5C8E-44A7-9B27-5FF0857552D2}.Debug|Any CPU.ActiveCfg = Debug|Any CPU
		{1E94B7A8-5C8E-44A7-9B27-5FF0857552D2}.Debug|Any CPU.Build.0 = Debug|Any CPU
		{1E94B7A8-5C8E-44A7-9B27-5FF0857552D2}.Release|Any CPU.ActiveCfg = Release|Any CPU
		{1E94B7A8-5C8E-44A7-9B27-5FF0857552D2}.Release|Any CPU.Build.0 = Release|Any CPU
		{DB9ECB9E-3883-4BF6-8E67-BFD0561B4D99}.Debug|Any CPU.ActiveCfg = Debug|Any CPU
		{DB9ECB9E-3883-4BF6-8E67-BFD0561B4D99}.Debug|Any CPU.Build.0 = Debug|Any CPU
		{DB9ECB9E-3883-4BF6-8E67-BFD0561B4D99}.Release|Any CPU.ActiveCfg = Release|Any CPU
		{DB9ECB9E-3883-4BF6-8E67-BFD0561B4D99}.Release|Any CPU.Build.0 = Release|Any CPU
		{27F40A97-143A-474A-8E4B-3D8378678F01}.Debug|Any CPU.ActiveCfg = Debug|Any CPU
		{27F40A97-143A-474A-8E4B-3D8378678F01}.Debug|Any CPU.Build.0 = Debug|Any CPU
		{27F40A97-143A-474A-8E4B-3D8378678F01}.Release|Any CPU.ActiveCfg = Release|Any CPU
		{27F40A97-143A-474A-8E4B-3D8378678F01}.Release|Any CPU.Build.0 = Release|Any CPU
	EndGlobalSection
	GlobalSection(SolutionProperties) = preSolution
		HideSolutionNode = FALSE
	EndGlobalSection
EndGlobal
